
Microsoft Visual Studio Solution File, Format Version 12.00
# Visual Studio Version 16
VisualStudioVersion = 16.0.31727.386
MinimumVisualStudioVersion = 10.0.40219.1
Project("{2150E333-8FDC-42A3-9474-1A3956D46DE8}") = "Ex01_WPF", "Ex01_WPF", "{7FE8BB5B-D46B-4702-8C66-D6368F610D5C}"
EndProject
Project("{FAE04EC0-301F-11D3-BF4B-00C04F79EFBC}") = "WpfApp1", "Ex01_WPF\WpfApp1\WpfApp1.csproj", "{115DFDD2-8BB9-4B81-A8CA-D892320FF108}"
EndProject
Project("{2150E333-8FDC-42A3-9474-1A3956D46DE8}") = "Ex02_CalcContainer", "Ex02_CalcContainer", "{CB715A7A-0C5C-447F-BFAE-4E488B9D4E7D}"
EndProject
Project("{FAE04EC0-301F-11D3-BF4B-00C04F79EFBC}") = "Calc", "Ex02_CalcContainer\Calc\Calc.csproj", "{6F476AF8-3D14-4341-964D-CD18FEE6CD1C}"
EndProject
Project("{2150E333-8FDC-42A3-9474-1A3956D46DE8}") = "Ex03_TextEditor", "Ex03_TextEditor", "{D7EDBC36-D12F-4A00-A03B-0716498B38C7}"
EndProject
Project("{FAE04EC0-301F-11D3-BF4B-00C04F79EFBC}") = "TextEditor", "Ex03_TextEditor\TextEditor\TextEditor.csproj", "{F33FC778-B2B3-4C96-B51D-22E5027A2A30}"
EndProject
Project("{2150E333-8FDC-42A3-9474-1A3956D46DE8}") = "Ex04_Converter", "Ex04_Converter", "{DE715C5C-9B1C-4566-B071-D421E853BD4A}"
EndProject
Project("{FAE04EC0-301F-11D3-BF4B-00C04F79EFBC}") = "Converter", "Ex04_Converter\Converter\Converter.csproj", "{49410746-F337-4CB3-9CDB-4515B8F28508}"
EndProject
Project("{2150E333-8FDC-42A3-9474-1A3956D46DE8}") = "Ex05_Windows", "Ex05_Windows", "{85E2DD81-5AFB-412A-A915-6BF022CD3B33}"
EndProject
Project("{FAE04EC0-301F-11D3-BF4B-00C04F79EFBC}") = "TextEditor", "Ex05_Windows\TextEditor\TextEditor.csproj", "{909D2262-50B8-45E5-9A5A-295CBD9FFBD6}"
EndProject
Project("{2150E333-8FDC-42A3-9474-1A3956D46DE8}") = "Ex06_Property", "Ex06_Property", "{F46C591C-7DC3-4A5B-AD09-5086932E42E8}"
EndProject
Project("{FAE04EC0-301F-11D3-BF4B-00C04F79EFBC}") = "PropertyTemp", "Ex06_Property\PropertyTemp\PropertyTemp.csproj", "{B3A41079-F9C3-4298-9B0A-D14B55500F1E}"
EndProject
Project("{2150E333-8FDC-42A3-9474-1A3956D46DE8}") = "Ex07_CommandTextEditor", "Ex07_CommandTextEditor", "{428784DA-02CC-4F12-A6CA-5C88725D6430}"
EndProject
Project("{FAE04EC0-301F-11D3-BF4B-00C04F79EFBC}") = "TextEditor", "Ex07_CommandTextEditor\TextEditor\TextEditor.csproj", "{70999717-776C-4A23-AB68-5513F1125E36}"
EndProject
Project("{2150E333-8FDC-42A3-9474-1A3956D46DE8}") = "Ex08_ResourcesTextEditor", "Ex08_ResourcesTextEditor", "{86B6BCD8-2E07-40DF-B85C-00486FBC9E35}"
EndProject
Project("{FAE04EC0-301F-11D3-BF4B-00C04F79EFBC}") = "TextEditor", "Ex08_ResourcesTextEditor\TextEditor\TextEditor.csproj", "{28F35E4C-5F3E-459C-A4E8-AE0070DAEEE8}"
EndProject
Project("{2150E333-8FDC-42A3-9474-1A3956D46DE8}") = "Ex09_StyleThemeTextEditor", "Ex09_StyleThemeTextEditor", "{E6399131-97E1-4190-824A-E8299E15ACB1}"
EndProject
Project("{FAE04EC0-301F-11D3-BF4B-00C04F79EFBC}") = "TextEditor", "Ex09_ThemeStyleTextEditor\TextEditor\TextEditor.csproj", "{953D0538-D5B9-4B4E-8F20-E0078D112E83}"
EndProject
Project("{2150E333-8FDC-42A3-9474-1A3956D46DE8}") = "Ex10_FiguresTransform", "Ex10_FiguresTransform", "{3AFC9362-7895-401D-A538-18948461DF40}"
EndProject
Project("{FAE04EC0-301F-11D3-BF4B-00C04F79EFBC}") = "FiguresTransform", "Ex10_FiguresTransform\FiguresTransform\FiguresTransform.csproj", "{BC977AB4-93F1-4798-9F12-96DFDFC69672}"
EndProject
Project("{2150E333-8FDC-42A3-9474-1A3956D46DE8}") = "Ex11_Geometry", "Ex11_Geometry", "{D46BFF88-3A37-44D4-B631-86BE96285C78}"
EndProject
Project("{FAE04EC0-301F-11D3-BF4B-00C04F79EFBC}") = "VSGeometry", "Ex11_Geometry\VSGeometry\VSGeometry.csproj", "{D7270B4E-824B-4DCE-B1DB-C6B50715651E}"
EndProject
Project("{FAE04EC0-301F-11D3-BF4B-00C04F79EFBC}") = "BlendGeometry", "Ex11_Geometry\BlendGeometry\BlendGeometry.csproj", "{6433FEF0-9474-4C5F-8212-2EE9A8F178B4}"
EndProject
Project("{2150E333-8FDC-42A3-9474-1A3956D46DE8}") = "Ex12_Templates", "Ex12_Templates", "{EA26625E-947D-48F6-BC76-DBDE2C20E67F}"
EndProject
Project("{FAE04EC0-301F-11D3-BF4B-00C04F79EFBC}") = "CheckBoxTemplate", "Ex12_Templates\CheckBoxTemplate\CheckBoxTemplate.csproj", "{90796DC7-8AE0-43C3-A211-76C4D7A14330}"
EndProject
Project("{2150E333-8FDC-42A3-9474-1A3956D46DE8}") = "Ex13_BindingTextEditor", "Ex13_BindingTextEditor", "{52B62CE8-425C-4EEB-BFFD-1E2AF301B6EB}"
EndProject
Project("{FAE04EC0-301F-11D3-BF4B-00C04F79EFBC}") = "TextEditor", "Ex13_BindingTextEditor\TextEditor\TextEditor.csproj", "{F8729260-0193-405B-8978-BA1593AFC31C}"
EndProject
Project("{2150E333-8FDC-42A3-9474-1A3956D46DE8}") = "Ex14_DataTemplate", "Ex14_DataTemplate", "{7D48DB3A-6460-42F2-8A66-9CB1A0C6F218}"
EndProject
Project("{FAE04EC0-301F-11D3-BF4B-00C04F79EFBC}") = "DataTemplate", "Ex14_DataTemplate\DataTemplate\DataTemplate.csproj", "{41C3F310-F28D-4AB4-B476-D01D02F66A5F}"
EndProject
Project("{2150E333-8FDC-42A3-9474-1A3956D46DE8}") = "Ex15_DocsFlow", "Ex15_DocsFlow", "{421900F6-219C-41C5-A888-312E0FAC7442}"
EndProject
Project("{FAE04EC0-301F-11D3-BF4B-00C04F79EFBC}") = "DocsFlow", "Ex15_DocsFlow\DocsFlow\DocsFlow.csproj", "{E9BD631A-359A-4831-BEAC-9096C21DE504}"
EndProject
Project("{2150E333-8FDC-42A3-9474-1A3956D46DE8}") = "Ex16_Animation", "Ex16_Animation", "{B61C5E58-CDC7-4A3A-BD6A-A7FF8230C669}"
EndProject
Project("{FAE04EC0-301F-11D3-BF4B-00C04F79EFBC}") = "AnimationEye", "Ex16_Animation\AnimationEye\AnimationEye.csproj", "{CACC872C-9D5C-42A9-B9DA-1D9F7C8EC5F6}"
EndProject
Project("{FAE04EC0-301F-11D3-BF4B-00C04F79EFBC}") = "AnimationBall", "Ex16_Animation\AnimationBall\AnimationBall.csproj", "{A560D644-F2EA-48A1-8FDD-729C62EA8180}"
EndProject
Global
	GlobalSection(SolutionConfigurationPlatforms) = preSolution
		Debug|Any CPU = Debug|Any CPU
		Release|Any CPU = Release|Any CPU
	EndGlobalSection
	GlobalSection(ProjectConfigurationPlatforms) = postSolution
		{115DFDD2-8BB9-4B81-A8CA-D892320FF108}.Debug|Any CPU.ActiveCfg = Debug|Any CPU
		{115DFDD2-8BB9-4B81-A8CA-D892320FF108}.Debug|Any CPU.Build.0 = Debug|Any CPU
		{115DFDD2-8BB9-4B81-A8CA-D892320FF108}.Release|Any CPU.ActiveCfg = Release|Any CPU
		{115DFDD2-8BB9-4B81-A8CA-D892320FF108}.Release|Any CPU.Build.0 = Release|Any CPU
		{6F476AF8-3D14-4341-964D-CD18FEE6CD1C}.Debug|Any CPU.ActiveCfg = Debug|Any CPU
		{6F476AF8-3D14-4341-964D-CD18FEE6CD1C}.Debug|Any CPU.Build.0 = Debug|Any CPU
		{6F476AF8-3D14-4341-964D-CD18FEE6CD1C}.Release|Any CPU.ActiveCfg = Release|Any CPU
		{6F476AF8-3D14-4341-964D-CD18FEE6CD1C}.Release|Any CPU.Build.0 = Release|Any CPU
		{F33FC778-B2B3-4C96-B51D-22E5027A2A30}.Debug|Any CPU.ActiveCfg = Debug|Any CPU
		{F33FC778-B2B3-4C96-B51D-22E5027A2A30}.Debug|Any CPU.Build.0 = Debug|Any CPU
		{F33FC778-B2B3-4C96-B51D-22E5027A2A30}.Release|Any CPU.ActiveCfg = Release|Any CPU
		{F33FC778-B2B3-4C96-B51D-22E5027A2A30}.Release|Any CPU.Build.0 = Release|Any CPU
		{49410746-F337-4CB3-9CDB-4515B8F28508}.Debug|Any CPU.ActiveCfg = Debug|Any CPU
		{49410746-F337-4CB3-9CDB-4515B8F28508}.Debug|Any CPU.Build.0 = Debug|Any CPU
		{49410746-F337-4CB3-9CDB-4515B8F28508}.Release|Any CPU.ActiveCfg = Release|Any CPU
		{49410746-F337-4CB3-9CDB-4515B8F28508}.Release|Any CPU.Build.0 = Release|Any CPU
		{909D2262-50B8-45E5-9A5A-295CBD9FFBD6}.Debug|Any CPU.ActiveCfg = Debug|Any CPU
		{909D2262-50B8-45E5-9A5A-295CBD9FFBD6}.Debug|Any CPU.Build.0 = Debug|Any CPU
		{909D2262-50B8-45E5-9A5A-295CBD9FFBD6}.Release|Any CPU.ActiveCfg = Release|Any CPU
		{909D2262-50B8-45E5-9A5A-295CBD9FFBD6}.Release|Any CPU.Build.0 = Release|Any CPU
		{B3A41079-F9C3-4298-9B0A-D14B55500F1E}.Debug|Any CPU.ActiveCfg = Debug|Any CPU
		{B3A41079-F9C3-4298-9B0A-D14B55500F1E}.Debug|Any CPU.Build.0 = Debug|Any CPU
		{B3A41079-F9C3-4298-9B0A-D14B55500F1E}.Release|Any CPU.ActiveCfg = Release|Any CPU
		{B3A41079-F9C3-4298-9B0A-D14B55500F1E}.Release|Any CPU.Build.0 = Release|Any CPU
		{70999717-776C-4A23-AB68-5513F1125E36}.Debug|Any CPU.ActiveCfg = Debug|Any CPU
		{70999717-776C-4A23-AB68-5513F1125E36}.Debug|Any CPU.Build.0 = Debug|Any CPU
		{70999717-776C-4A23-AB68-5513F1125E36}.Release|Any CPU.ActiveCfg = Release|Any CPU
		{70999717-776C-4A23-AB68-5513F1125E36}.Release|Any CPU.Build.0 = Release|Any CPU
		{28F35E4C-5F3E-459C-A4E8-AE0070DAEEE8}.Debug|Any CPU.ActiveCfg = Debug|Any CPU
		{28F35E4C-5F3E-459C-A4E8-AE0070DAEEE8}.Debug|Any CPU.Build.0 = Debug|Any CPU
		{28F35E4C-5F3E-459C-A4E8-AE0070DAEEE8}.Release|Any CPU.ActiveCfg = Release|Any CPU
		{28F35E4C-5F3E-459C-A4E8-AE0070DAEEE8}.Release|Any CPU.Build.0 = Release|Any CPU
		{953D0538-D5B9-4B4E-8F20-E0078D112E83}.Debug|Any CPU.ActiveCfg = Debug|Any CPU
		{953D0538-D5B9-4B4E-8F20-E0078D112E83}.Debug|Any CPU.Build.0 = Debug|Any CPU
		{953D0538-D5B9-4B4E-8F20-E0078D112E83}.Release|Any CPU.ActiveCfg = Release|Any CPU
		{953D0538-D5B9-4B4E-8F20-E0078D112E83}.Release|Any CPU.Build.0 = Release|Any CPU
		{BC977AB4-93F1-4798-9F12-96DFDFC69672}.Debug|Any CPU.ActiveCfg = Debug|Any CPU
		{BC977AB4-93F1-4798-9F12-96DFDFC69672}.Debug|Any CPU.Build.0 = Debug|Any CPU
		{BC977AB4-93F1-4798-9F12-96DFDFC69672}.Release|Any CPU.ActiveCfg = Release|Any CPU
		{BC977AB4-93F1-4798-9F12-96DFDFC69672}.Release|Any CPU.Build.0 = Release|Any CPU
		{D7270B4E-824B-4DCE-B1DB-C6B50715651E}.Debug|Any CPU.ActiveCfg = Debug|Any CPU
		{D7270B4E-824B-4DCE-B1DB-C6B50715651E}.Debug|Any CPU.Build.0 = Debug|Any CPU
		{D7270B4E-824B-4DCE-B1DB-C6B50715651E}.Release|Any CPU.ActiveCfg = Release|Any CPU
		{D7270B4E-824B-4DCE-B1DB-C6B50715651E}.Release|Any CPU.Build.0 = Release|Any CPU
		{6433FEF0-9474-4C5F-8212-2EE9A8F178B4}.Debug|Any CPU.ActiveCfg = Debug|Any CPU
		{6433FEF0-9474-4C5F-8212-2EE9A8F178B4}.Debug|Any CPU.Build.0 = Debug|Any CPU
		{6433FEF0-9474-4C5F-8212-2EE9A8F178B4}.Release|Any CPU.ActiveCfg = Release|Any CPU
		{6433FEF0-9474-4C5F-8212-2EE9A8F178B4}.Release|Any CPU.Build.0 = Release|Any CPU
		{90796DC7-8AE0-43C3-A211-76C4D7A14330}.Debug|Any CPU.ActiveCfg = Debug|Any CPU
		{90796DC7-8AE0-43C3-A211-76C4D7A14330}.Debug|Any CPU.Build.0 = Debug|Any CPU
		{90796DC7-8AE0-43C3-A211-76C4D7A14330}.Release|Any CPU.ActiveCfg = Release|Any CPU
		{90796DC7-8AE0-43C3-A211-76C4D7A14330}.Release|Any CPU.Build.0 = Release|Any CPU
		{F8729260-0193-405B-8978-BA1593AFC31C}.Debug|Any CPU.ActiveCfg = Debug|Any CPU
		{F8729260-0193-405B-8978-BA1593AFC31C}.Debug|Any CPU.Build.0 = Debug|Any CPU
		{F8729260-0193-405B-8978-BA1593AFC31C}.Release|Any CPU.ActiveCfg = Release|Any CPU
		{F8729260-0193-405B-8978-BA1593AFC31C}.Release|Any CPU.Build.0 = Release|Any CPU
		{41C3F310-F28D-4AB4-B476-D01D02F66A5F}.Debug|Any CPU.ActiveCfg = Debug|Any CPU
		{41C3F310-F28D-4AB4-B476-D01D02F66A5F}.Debug|Any CPU.Build.0 = Debug|Any CPU
		{41C3F310-F28D-4AB4-B476-D01D02F66A5F}.Release|Any CPU.ActiveCfg = Release|Any CPU
		{41C3F310-F28D-4AB4-B476-D01D02F66A5F}.Release|Any CPU.Build.0 = Release|Any CPU
		{E9BD631A-359A-4831-BEAC-9096C21DE504}.Debug|Any CPU.ActiveCfg = Debug|Any CPU
		{E9BD631A-359A-4831-BEAC-9096C21DE504}.Debug|Any CPU.Build.0 = Debug|Any CPU
		{E9BD631A-359A-4831-BEAC-9096C21DE504}.Release|Any CPU.ActiveCfg = Release|Any CPU
		{E9BD631A-359A-4831-BEAC-9096C21DE504}.Release|Any CPU.Build.0 = Release|Any CPU
		{CACC872C-9D5C-42A9-B9DA-1D9F7C8EC5F6}.Debug|Any CPU.ActiveCfg = Debug|Any CPU
		{CACC872C-9D5C-42A9-B9DA-1D9F7C8EC5F6}.Debug|Any CPU.Build.0 = Debug|Any CPU
		{CACC872C-9D5C-42A9-B9DA-1D9F7C8EC5F6}.Release|Any CPU.ActiveCfg = Release|Any CPU
		{CACC872C-9D5C-42A9-B9DA-1D9F7C8EC5F6}.Release|Any CPU.Build.0 = Release|Any CPU
		{A560D644-F2EA-48A1-8FDD-729C62EA8180}.Debug|Any CPU.ActiveCfg = Debug|Any CPU
		{A560D644-F2EA-48A1-8FDD-729C62EA8180}.Debug|Any CPU.Build.0 = Debug|Any CPU
		{A560D644-F2EA-48A1-8FDD-729C62EA8180}.Release|Any CPU.ActiveCfg = Release|Any CPU
		{A560D644-F2EA-48A1-8FDD-729C62EA8180}.Release|Any CPU.Build.0 = Release|Any CPU
	EndGlobalSection
	GlobalSection(SolutionProperties) = preSolution
		HideSolutionNode = FALSE
	EndGlobalSection
	GlobalSection(NestedProjects) = preSolution
		{115DFDD2-8BB9-4B81-A8CA-D892320FF108} = {7FE8BB5B-D46B-4702-8C66-D6368F610D5C}
		{6F476AF8-3D14-4341-964D-CD18FEE6CD1C} = {CB715A7A-0C5C-447F-BFAE-4E488B9D4E7D}
		{F33FC778-B2B3-4C96-B51D-22E5027A2A30} = {D7EDBC36-D12F-4A00-A03B-0716498B38C7}
		{49410746-F337-4CB3-9CDB-4515B8F28508} = {DE715C5C-9B1C-4566-B071-D421E853BD4A}
		{909D2262-50B8-45E5-9A5A-295CBD9FFBD6} = {85E2DD81-5AFB-412A-A915-6BF022CD3B33}
		{B3A41079-F9C3-4298-9B0A-D14B55500F1E} = {F46C591C-7DC3-4A5B-AD09-5086932E42E8}
		{70999717-776C-4A23-AB68-5513F1125E36} = {428784DA-02CC-4F12-A6CA-5C88725D6430}
		{28F35E4C-5F3E-459C-A4E8-AE0070DAEEE8} = {86B6BCD8-2E07-40DF-B85C-00486FBC9E35}
		{953D0538-D5B9-4B4E-8F20-E0078D112E83} = {E6399131-97E1-4190-824A-E8299E15ACB1}
		{BC977AB4-93F1-4798-9F12-96DFDFC69672} = {3AFC9362-7895-401D-A538-18948461DF40}
		{D7270B4E-824B-4DCE-B1DB-C6B50715651E} = {D46BFF88-3A37-44D4-B631-86BE96285C78}
		{6433FEF0-9474-4C5F-8212-2EE9A8F178B4} = {D46BFF88-3A37-44D4-B631-86BE96285C78}
		{90796DC7-8AE0-43C3-A211-76C4D7A14330} = {EA26625E-947D-48F6-BC76-DBDE2C20E67F}
		{F8729260-0193-405B-8978-BA1593AFC31C} = {52B62CE8-425C-4EEB-BFFD-1E2AF301B6EB}
		{41C3F310-F28D-4AB4-B476-D01D02F66A5F} = {7D48DB3A-6460-42F2-8A66-9CB1A0C6F218}
		{E9BD631A-359A-4831-BEAC-9096C21DE504} = {421900F6-219C-41C5-A888-312E0FAC7442}
		{CACC872C-9D5C-42A9-B9DA-1D9F7C8EC5F6} = {B61C5E58-CDC7-4A3A-BD6A-A7FF8230C669}
		{A560D644-F2EA-48A1-8FDD-729C62EA8180} = {B61C5E58-CDC7-4A3A-BD6A-A7FF8230C669}
	EndGlobalSection
	GlobalSection(ExtensibilityGlobals) = postSolution
		SolutionGuid = {7166BBE0-D0A8-41F5-93FD-F247FA9179A5}
	EndGlobalSection
EndGlobal
